
Microsoft Visual Studio Solution File, Format Version 12.00
# Visual Studio Version 17
VisualStudioVersion = 17.5.33516.290
MinimumVisualStudioVersion = 10.0.40219.1
Project("{8BC9CEB8-8B4A-11D0-8D11-00A0C91BC942}") = "HERENCIAS", "HERENCIAS.vcxproj", "{DB42B0CB-F949-4E80-9AC3-E6EB7092A759}"
EndProject
Global
	GlobalSection(SolutionConfigurationPlatforms) = preSolution
		Debug|x64 = Debug|x64
		Debug|x86 = Debug|x86
		Release|x64 = Release|x64
		Release|x86 = Release|x86
	EndGlobalSection
	GlobalSection(ProjectConfigurationPlatforms) = postSolution
		{DB42B0CB-F949-4E80-9AC3-E6EB7092A759}.Debug|x64.ActiveCfg = Debug|x64
		{DB42B0CB-F949-4E80-9AC3-E6EB7092A759}.Debug|x64.Build.0 = Debug|x64
		{DB42B0CB-F949-4E80-9AC3-E6EB7092A759}.Debug|x86.ActiveCfg = Debug|Win32
		{DB42B0CB-F949-4E80-9AC3-E6EB7092A759}.Debug|x86.Build.0 = Debug|Win32
		{DB42B0CB-F949-4E80-9AC3-E6EB7092A759}.Release|x64.ActiveCfg = Release|x64
		{DB42B0CB-F949-4E80-9AC3-E6EB7092A759}.Release|x64.Build.0 = Release|x64
		{DB42B0CB-F949-4E80-9AC3-E6EB7092A759}.Release|x86.ActiveCfg = Release|Win32
		{DB42B0CB-F949-4E80-9AC3-E6EB7092A759}.Release|x86.Build.0 = Release|Win32
	EndGlobalSection
	GlobalSection(SolutionProperties) = preSolution
		HideSolutionNode = FALSE
	EndGlobalSection
	GlobalSection(ExtensibilityGlobals) = postSolution
		SolutionGuid = {302EDB49-CD4C-499D-9177-8C765CA9533B}
	EndGlobalSection
EndGlobal
